<?xml version="1.0" encoding="UTF-8" standalone="yes" ?>
<CodeBlocks_project_file>
	<FileVersion major="1" minor="6" />
	<Project>
		<Option title="stg" />
		<Option pch_mode="2" />
		<Option compiler="gnu_32" />
		<Build>
			<Target title="Debug">
				<Option output="bin/Debug/stg" prefix_auto="1" extension_auto="1" />
				<Option object_output="obj/Debug/" />
				<Option type="1" />
				<Option compiler="gnu_32" />
				<Compiler>
					<Add option="-g" />
					<Add option="-DDEBUG" />
					<Add directory="include" />
				</Compiler>
			</Target>
			<Target title="Release">
				<Option output="bin/Release/stg" prefix_auto="1" extension_auto="1" />
				<Option object_output="obj/Release/" />
				<Option type="1" />
				<Option compiler="gnu_32" />
				<Compiler>
					<Add option="-O2" />
					<Add directory="include" />
				</Compiler>
				<Linker>
					<Add option="-s" />
				</Linker>
			</Target>
		</Build>
		<Compiler>
			<Add option="-Wall" />
			<Add option="-std=c++11" />
			<Add option="-m32" />
		</Compiler>
		<Linker>
			<Add option="-m32" />
		</Linker>
		<Unit filename="include/Brackets.h" />
		<Unit filename="include/BracketsContentProcessor.h" />
		<Unit filename="include/CSRandom.h" />
		<Unit filename="include/Collection.h" />
		<Unit filename="include/Formatter.h" />
		<Unit filename="include/IDelimiterProcessor.h" />
		<Unit filename="include/IMultiplier.h" />
		<Unit filename="include/IProcessorsHandler.h" />
		<Unit filename="include/IRandom.h" />
		<Unit filename="include/IRegexParser.h" />
		<Unit filename="include/Multiplier.h" />
		<Unit filename="include/Or.h" />
		<Unit filename="include/PrintableCharacters.h" />
		<Unit filename="include/ProcessorsHandler.h" />
		<Unit filename="include/RandomString.h" />
		<Unit filename="include/Range.h" />
		<Unit filename="include/RegexClient.h" />
		<Unit filename="include/RegexParser.h" />
		<Unit filename="include/Replacer.h" />
		<Unit filename="main.cpp" />
		<Unit filename="main.h" />
		<Unit filename="src/Brackets.cpp" />
		<Unit filename="src/BracketsContentProcessor.cpp" />
		<Unit filename="src/CSRandom.cpp" />
		<Unit filename="src/Collection.cpp" />
		<Unit filename="src/Multiplier.cpp" />
		<Unit filename="src/Or.cpp" />
		<Unit filename="src/PrintableCharacters.cpp" />
		<Unit filename="src/ProcessorsHandler.cpp" />
		<Unit filename="src/RandomString.cpp" />
		<Unit filename="src/Range.cpp" />
		<Unit filename="src/RegexClient.cpp" />
		<Unit filename="src/RegexParser.cpp" />
		<Unit filename="src/Replacer.cpp" />
		<Extensions>
			<code_completion />
			<envvars />
			<debugger />
			<lib_finder disable_auto="1" />
		</Extensions>
	</Project>
</CodeBlocks_project_file>
